
Microsoft Visual Studio Solution File, Format Version 12.00
# Visual Studio Version 17
VisualStudioVersion = 17.8.34316.72
MinimumVisualStudioVersion = 10.0.40219.1
Project("{FAE04EC0-301F-11D3-BF4B-00C04F79EFBC}") = "Api", "Api\Api.csproj", "{861EE32B-1C95-48AE-AE9E-417A64B61766}"
EndProject
Global
	GlobalSection(SolutionConfigurationPlatforms) = preSolution
		Debug|Any CPU = Debug|Any CPU
		Release|Any CPU = Release|Any CPU
	EndGlobalSection
	GlobalSection(ProjectConfigurationPlatforms) = postSolution
		{861EE32B-1C95-48AE-AE9E-417A64B61766}.Debug|Any CPU.ActiveCfg = Debug|Any CPU
		{861EE32B-1C95-48AE-AE9E-417A64B61766}.Debug|Any CPU.Build.0 = Debug|Any CPU
		{861EE32B-1C95-48AE-AE9E-417A64B61766}.Release|Any CPU.ActiveCfg = Release|Any CPU
		{861EE32B-1C95-48AE-AE9E-417A64B61766}.Release|Any CPU.Build.0 = Release|Any CPU
	EndGlobalSection
	GlobalSection(SolutionProperties) = preSolution
		HideSolutionNode = FALSE
	EndGlobalSection
	GlobalSection(ExtensibilityGlobals) = postSolution
		SolutionGuid = {ACE464CD-96C4-4D11-B257-F33193F824BA}
	EndGlobalSection
EndGlobal
